{
	"requires": true,
	"lockfileVersion": 1,
	"dependencies": {
		"grunt-banana-checker": {
			"version": "0.8.1",
			"resolved": "https://registry.npmjs.org/grunt-banana-checker/-/grunt-banana-checker-0.8.1.tgz",
			"integrity": "sha512-fx3lqZZFL9EihNI4BpwNmcjsb5tCVfa/xWVXLT3fipSOrLr/BsWdAUTltscTx55/tSwSR8VbJOulI00e1WTtoA==",
			"dev": true
		}
	}
}
